// !$*UTF8*$!
{
	archiveVersion = 1;
	classes = {
	};
	objectVersion = 46;
	objects = {

/* Begin PBXBuildFile section */
		9E7B3A0719A2B766007CFCE1 /* main.swift in Sources */ = {isa = PBXBuildFile; fileRef = 9E7B3A0619A2B766007CFCE1 /* main.swift */; };
		9E7B3A0919A2B766007CFCE1 /* AppDelegate.swift in Sources */ = {isa = PBXBuildFile; fileRef = 9E7B3A0819A2B766007CFCE1 /* AppDelegate.swift */; };
		9E7B3A0B19A2B766007CFCE1 /* Images.xcassets in Resources */ = {isa = PBXBuildFile; fileRef = 9E7B3A0A19A2B766007CFCE1 /* Images.xcassets */; };
		9E7B3A0E19A2B766007CFCE1 /* MainMenu.xib in Resources */ = {isa = PBXBuildFile; fileRef = 9E7B3A0C19A2B766007CFCE1 /* MainMenu.xib */; };
		9E7B3A1A19A2B766007CFCE1 /* cocoa_testTests.swift in Sources */ = {isa = PBXBuildFile; fileRef = 9E7B3A1919A2B766007CFCE1 /* cocoa_testTests.swift */; };
/* End PBXBuildFile section */

/* Begin PBXContainerItemProxy section */
		9E7B3A1419A2B766007CFCE1 /* PBXContainerItemProxy */ = {
			isa = PBXContainerItemProxy;
			containerPortal = 9E7B39F919A2B766007CFCE1 /* Project object */;
			proxyType = 1;
			remoteGlobalIDString = 9E7B3A0019A2B766007CFCE1;
			remoteInfo = "cocoa test";
		};
/* End PBXContainerItemProxy section */

/* Begin PBXFileReference section */
		9E7B3A0119A2B766007CFCE1 /* cocoa test.app */ = {isa = PBXFileReference; explicitFileType = wrapper.application; includeInIndex = 0; path = "cocoa test.app"; sourceTree = BUILT_PRODUCTS_DIR; };
		9E7B3A0519A2B766007CFCE1 /* Info.plist */ = {isa = PBXFileReference; lastKnownFileType = text.plist.xml; path = Info.plist; sourceTree = "<group>"; };
		9E7B3A0619A2B766007CFCE1 /* main.swift */ = {isa = PBXFileReference; lastKnownFileType = sourcecode.swift; path = main.swift; sourceTree = "<group>"; };
		9E7B3A0819A2B766007CFCE1 /* AppDelegate.swift */ = {isa = PBXFileReference; lastKnownFileType = sourcecode.swift; path = AppDelegate.swift; sourceTree = "<group>"; };
		9E7B3A0A19A2B766007CFCE1 /* Images.xcassets */ = {isa = PBXFileReference; lastKnownFileType = folder.assetcatalog; path = Images.xcassets; sourceTree = "<group>"; };
		9E7B3A0D19A2B766007CFCE1 /* Base */ = {isa = PBXFileReference; lastKnownFileType = file.xib; name = Base; path = Base.lproj/MainMenu.xib; sourceTree = "<group>"; };
		9E7B3A1319A2B766007CFCE1 /* cocoa testTests.xctest */ = {isa = PBXFileReference; explicitFileType = wrapper.cfbundle; includeInIndex = 0; path = "cocoa testTests.xctest"; sourceTree = BUILT_PRODUCTS_DIR; };
		9E7B3A1819A2B766007CFCE1 /* Info.plist */ = {isa = PBXFileReference; lastKnownFileType = text.plist.xml; path = Info.plist; sourceTree = "<group>"; };
		9E7B3A1919A2B766007CFCE1 /* cocoa_testTests.swift */ = {isa = PBXFileReference; lastKnownFileType = sourcecode.swift; path = cocoa_testTests.swift; sourceTree = "<group>"; };
/* End PBXFileReference section */

/* Begin PBXFrameworksBuildPhase section */
		9E7B39FE19A2B766007CFCE1 /* Frameworks */ = {
			isa = PBXFrameworksBuildPhase;
			buildActionMask = 2147483647;
			files = (
			);
			runOnlyForDeploymentPostprocessing = 0;
		};
		9E7B3A1019A2B766007CFCE1 /* Frameworks */ = {
			isa = PBXFrameworksBuildPhase;
			buildActionMask = 2147483647;
			files = (
			);
			runOnlyForDeploymentPostprocessing = 0;
		};
/* End PBXFrameworksBuildPhase section */

/* Begin PBXGroup section */
		9E7B39F819A2B766007CFCE1 = {
			isa = PBXGroup;
			children = (
				9E7B3A0319A2B766007CFCE1 /* cocoa test */,
				9E7B3A1619A2B766007CFCE1 /* cocoa testTests */,
				9E7B3A0219A2B766007CFCE1 /* Products */,
			);
			sourceTree = "<group>";
		};
		9E7B3A0219A2B766007CFCE1 /* Products */ = {
			isa = PBXGroup;
			children = (
				9E7B3A0119A2B766007CFCE1 /* cocoa test.app */,
				9E7B3A1319A2B766007CFCE1 /* cocoa testTests.xctest */,
			);
			name = Products;
			sourceTree = "<group>";
		};
		9E7B3A0319A2B766007CFCE1 /* cocoa test */ = {
			isa = PBXGroup;
			children = (
				9E7B3A0819A2B766007CFCE1 /* AppDelegate.swift */,
				9E7B3A0A19A2B766007CFCE1 /* Images.xcassets */,
				9E7B3A0C19A2B766007CFCE1 /* MainMenu.xib */,
				9E7B3A0419A2B766007CFCE1 /* Supporting Files */,
			);
			path = "cocoa test";
			sourceTree = "<group>";
		};
		9E7B3A0419A2B766007CFCE1 /* Supporting Files */ = {
			isa = PBXGroup;
			children = (
				9E7B3A0519A2B766007CFCE1 /* Info.plist */,
				9E7B3A0619A2B766007CFCE1 /* main.swift */,
			);
			name = "Supporting Files";
			sourceTree = "<group>";
		};
		9E7B3A1619A2B766007CFCE1 /* cocoa testTests */ = {
			isa = PBXGroup;
			children = (
				9E7B3A1919A2B766007CFCE1 /* cocoa_testTests.swift */,
				9E7B3A1719A2B766007CFCE1 /* Supporting Files */,
			);
			path = "cocoa testTests";
			sourceTree = "<group>";
		};
		9E7B3A1719A2B766007CFCE1 /* Supporting Files */ = {
			isa = PBXGroup;
			children = (
				9E7B3A1819A2B766007CFCE1 /* Info.plist */,
			);
			name = "Supporting Files";
			sourceTree = "<group>";
		};
/* End PBXGroup section */

/* Begin PBXNativeTarget section */
		9E7B3A0019A2B766007CFCE1 /* cocoa test */ = {
			isa = PBXNativeTarget;
			buildConfigurationList = 9E7B3A1D19A2B766007CFCE1 /* Build configuration list for PBXNativeTarget "cocoa test" */;
			buildPhases = (
				9E7B39FD19A2B766007CFCE1 /* Sources */,
				9E7B39FE19A2B766007CFCE1 /* Frameworks */,
				9E7B39FF19A2B766007CFCE1 /* Resources */,
			);
			buildRules = (
			);
			dependencies = (
			);
			name = "cocoa test";
			productName = "cocoa test";
			productReference = 9E7B3A0119A2B766007CFCE1 /* cocoa test.app */;
			productType = "com.apple.product-type.application";
		};
		9E7B3A1219A2B766007CFCE1 /* cocoa testTests */ = {
			isa = PBXNativeTarget;
			buildConfigurationList = 9E7B3A2019A2B766007CFCE1 /* Build configuration list for PBXNativeTarget "cocoa testTests" */;
			buildPhases = (
				9E7B3A0F19A2B766007CFCE1 /* Sources */,
				9E7B3A1019A2B766007CFCE1 /* Frameworks */,
				9E7B3A1119A2B766007CFCE1 /* Resources */,
			);
			buildRules = (
			);
			dependencies = (
				9E7B3A1519A2B766007CFCE1 /* PBXTargetDependency */,
			);
			name = "cocoa testTests";
			productName = "cocoa testTests";
			productReference = 9E7B3A1319A2B766007CFCE1 /* cocoa testTests.xctest */;
			productType = "com.apple.product-type.bundle.unit-test";
		};
/* End PBXNativeTarget section */

/* Begin PBXProject section */
		9E7B39F919A2B766007CFCE1 /* Project object */ = {
			isa = PBXProject;
			attributes = {
				LastUpgradeCheck = 0600;
				ORGANIZATIONNAME = "Lis Kenny";
				TargetAttributes = {
					9E7B3A0019A2B766007CFCE1 = {
						CreatedOnToolsVersion = 6.0;
					};
					9E7B3A1219A2B766007CFCE1 = {
						CreatedOnToolsVersion = 6.0;
						TestTargetID = 9E7B3A0019A2B766007CFCE1;
					};
				};
			};
			buildConfigurationList = 9E7B39FC19A2B766007CFCE1 /* Build configuration list for PBXProject "cocoa test" */;
			compatibilityVersion = "Xcode 3.2";
			developmentRegion = English;
			hasScannedForEncodings = 0;
			knownRegions = (
				en,
				Base,
			);
			mainGroup = 9E7B39F819A2B766007CFCE1;
			productRefGroup = 9E7B3A0219A2B766007CFCE1 /* Products */;
			projectDirPath = "";
			projectRoot = "";
			targets = (
				9E7B3A0019A2B766007CFCE1 /* cocoa test */,
				9E7B3A1219A2B766007CFCE1 /* cocoa testTests */,
			);
		};
/* End PBXProject section */

/* Begin PBXResourcesBuildPhase section */
		9E7B39FF19A2B766007CFCE1 /* Resources */ = {
			isa = PBXResourcesBuildPhase;
			buildActionMask = 2147483647;
			files = (
				9E7B3A0B19A2B766007CFCE1 /* Images.xcassets in Resources */,
				9E7B3A0E19A2B766007CFCE1 /* MainMenu.xib in Resources */,
			);
			runOnlyForDeploymentPostprocessing = 0;
		};
		9E7B3A1119A2B766007CFCE1 /* Resources */ = {
			isa = PBXResourcesBuildPhase;
			buildActionMask = 2147483647;
			files = (
			);
			runOnlyForDeploymentPostprocessing = 0;
		};
/* End PBXResourcesBuildPhase section */

/* Begin PBXSourcesBuildPhase section */
		9E7B39FD19A2B766007CFCE1 /* Sources */ = {
			isa = PBXSourcesBuildPhase;
			buildActionMask = 2147483647;
			files = (
				9E7B3A0919A2B766007CFCE1 /* AppDelegate.swift in Sources */,
				9E7B3A0719A2B766007CFCE1 /* main.swift in Sources */,
			);
			runOnlyForDeploymentPostprocessing = 0;
		};
		9E7B3A0F19A2B766007CFCE1 /* Sources */ = {
			isa = PBXSourcesBuildPhase;
			buildActionMask = 2147483647;
			files = (
				9E7B3A1A19A2B766007CFCE1 /* cocoa_testTests.swift in Sources */,
			);
			runOnlyForDeploymentPostprocessing = 0;
		};
/* End PBXSourcesBuildPhase section */

/* Begin PBXTargetDependency section */
		9E7B3A1519A2B766007CFCE1 /* PBXTargetDependency */ = {
			isa = PBXTargetDependency;
			target = 9E7B3A0019A2B766007CFCE1 /* cocoa test */;
			targetProxy = 9E7B3A1419A2B766007CFCE1 /* PBXContainerItemProxy */;
		};
/* End PBXTargetDependency section */

/* Begin PBXVariantGroup section */
		9E7B3A0C19A2B766007CFCE1 /* MainMenu.xib */ = {
			isa = PBXVariantGroup;
			children = (
				9E7B3A0D19A2B766007CFCE1 /* Base */,
			);
			name = MainMenu.xib;
			sourceTree = "<group>";
		};
/* End PBXVariantGroup section */

/* Begin XCBuildConfiguration section */
		9E7B3A1B19A2B766007CFCE1 /* Debug */ = {
			isa = XCBuildConfiguration;
			buildSettings = {
				ALWAYS_SEARCH_USER_PATHS = NO;
				CLANG_CXX_LANGUAGE_STANDARD = "gnu++0x";
				CLANG_CXX_LIBRARY = "libc++";
				CLANG_ENABLE_MODULES = YES;
				CLANG_ENABLE_OBJC_ARC = YES;
				CLANG_WARN_BOOL_CONVERSION = YES;
				CLANG_WARN_CONSTANT_CONVERSION = YES;
				CLANG_WARN_DIRECT_OBJC_ISA_USAGE = YES_ERROR;
				CLANG_WARN_EMPTY_BODY = YES;
				CLANG_WARN_ENUM_CONVERSION = YES;
				CLANG_WARN_INT_CONVERSION = YES;
				CLANG_WARN_OBJC_ROOT_CLASS = YES_ERROR;
				CLANG_WARN_UNREACHABLE_CODE = YES;
				CLANG_WARN__DUPLICATE_METHOD_MATCH = YES;
				CODE_SIGN_IDENTITY = "-";
				COPY_PHASE_STRIP = NO;
				ENABLE_STRICT_OBJC_MSGSEND = YES;
				GCC_C_LANGUAGE_STANDARD = gnu99;
				GCC_DYNAMIC_NO_PIC = NO;
				GCC_OPTIMIZATION_LEVEL = 0;
				GCC_PREPROCESSOR_DEFINITIONS = (
					"DEBUG=1",
					"$(inherited)",
				);
				GCC_SYMBOLS_PRIVATE_EXTERN = NO;
				GCC_WARN_64_TO_32_BIT_CONVERSION = YES;
				GCC_WARN_ABOUT_RETURN_TYPE = YES_ERROR;
				GCC_WARN_UNDECLARED_SELECTOR = YES;
				GCC_WARN_UNINITIALIZED_AUTOS = YES_AGGRESSIVE;
				GCC_WARN_UNUSED_FUNCTION = YES;
				GCC_WARN_UNUSED_VARIABLE = YES;
				MACOSX_DEPLOYMENT_TARGET = 10.9;
				MTL_ENABLE_DEBUG_INFO = YES;
				ONLY_ACTIVE_ARCH = YES;
				SDKROOT = macosx;
				SWIFT_OPTIMIZATION_LEVEL = "-Onone";
			};
			name = Debug;
		};
		9E7B3A1C19A2B766007CFCE1 /* Release */ = {
			isa = XCBuildConfiguration;
			buildSettings = {
				ALWAYS_SEARCH_USER_PATHS = NO;
				CLANG_CXX_LANGUAGE_STANDARD = "gnu++0x";
				CLANG_CXX_LIBRARY = "libc++";
				CLANG_ENABLE_MODULES = YES;
				CLANG_ENABLE_OBJC_ARC = YES;
				CLANG_WARN_BOOL_CONVERSION = YES;
				CLANG_WARN_CONSTANT_CONVERSION = YES;
				CLANG_WARN_DIRECT_OBJC_ISA_USAGE = YES_ERROR;
				CLANG_WARN_EMPTY_BODY = YES;
				CLANG_WARN_ENUM_CONVERSION = YES;
				CLANG_WARN_INT_CONVERSION = YES;
				CLANG_WARN_OBJC_ROOT_CLASS = YES_ERROR;
				CLANG_WARN_UNREACHABLE_CODE = YES;
				CLANG_WARN__DUPLICATE_METHOD_MATCH = YES;
				CODE_SIGN_IDENTITY = "-";
				COPY_PHASE_STRIP = YES;
				DEBUG_INFORMATION_FORMAT = "dwarf-with-dsym";
				ENABLE_NS_ASSERTIONS = NO;
				ENABLE_STRICT_OBJC_MSGSEND = YES;
				GCC_C_LANGUAGE_STANDARD = gnu99;
				GCC_WARN_64_TO_32_BIT_CONVERSION = YES;
				GCC_WARN_ABOUT_RETURN_TYPE = YES_ERROR;
				GCC_WARN_UNDECLARED_SELECTOR = YES;
				GCC_WARN_UNINITIALIZED_AUTOS = YES_AGGRESSIVE;
				GCC_WARN_UNUSED_FUNCTION = YES;
				GCC_WARN_UNUSED_VARIABLE = YES;
				MACOSX_DEPLOYMENT_TARGET = 10.9;
				MTL_ENABLE_DEBUG_INFO = NO;
				SDKROOT = macosx;
			};
			name = Release;
		};
		9E7B3A1E19A2B766007CFCE1 /* Debug */ = {
			isa = XCBuildConfiguration;
			buildSettings = {
				ASSETCATALOG_COMPILER_APPICON_NAME = AppIcon;
				COMBINE_HIDPI_IMAGES = YES;
				INFOPLIST_FILE = "cocoa test/Info.plist";
				LD_RUNPATH_SEARCH_PATHS = "$(inherited) @executable_path/../Frameworks";
				PRODUCT_NAME = "$(TARGET_NAME)";
			};
			name = Debug;
		};
		9E7B3A1F19A2B766007CFCE1 /* Release */ = {
			isa = XCBuildConfiguration;
			buildSettings = {
				ASSETCATALOG_COMPILER_APPICON_NAME = AppIcon;
				COMBINE_HIDPI_IMAGES = YES;
				INFOPLIST_FILE = "cocoa test/Info.plist";
				LD_RUNPATH_SEARCH_PATHS = "$(inherited) @executable_path/../Frameworks";
				PRODUCT_NAME = "$(TARGET_NAME)";
			};
			name = Release;
		};
		9E7B3A2119A2B766007CFCE1 /* Debug */ = {
			isa = XCBuildConfiguration;
			buildSettings = {
				BUNDLE_LOADER = "$(TEST_HOST)";
				COMBINE_HIDPI_IMAGES = YES;
				FRAMEWORK_SEARCH_PATHS = (
					"$(DEVELOPER_FRAMEWORKS_DIR)",
					"$(inherited)",
				);
				GCC_PREPROCESSOR_DEFINITIONS = (
					"DEBUG=1",
					"$(inherited)",
				);
				INFOPLIST_FILE = "cocoa testTests/Info.plist";
				LD_RUNPATH_SEARCH_PATHS = "$(inherited) @executable_path/../Frameworks @loader_path/../Frameworks";
				PRODUCT_NAME = "$(TARGET_NAME)";
				TEST_HOST = "$(BUILT_PRODUCTS_DIR)/cocoa test.app/Contents/MacOS/cocoa test";
			};
			name = Debug;
		};
		9E7B3A2219A2B766007CFCE1 /* Release */ = {
			isa = XCBuildConfiguration;
			buildSettings = {
				BUNDLE_LOADER = "$(TEST_HOST)";
				COMBINE_HIDPI_IMAGES = YES;
				FRAMEWORK_SEARCH_PATHS = (
					"$(DEVELOPER_FRAMEWORKS_DIR)",
					"$(inherited)",
				);
				INFOPLIST_FILE = "cocoa testTests/Info.plist";
				LD_RUNPATH_SEARCH_PATHS = "$(inherited) @executable_path/../Frameworks @loader_path/../Frameworks";
				PRODUCT_NAME = "$(TARGET_NAME)";
				TEST_HOST = "$(BUILT_PRODUCTS_DIR)/cocoa test.app/Contents/MacOS/cocoa test";
			};
			name = Release;
		};
/* End XCBuildConfiguration section */

/* Begin XCConfigurationList section */
		9E7B39FC19A2B766007CFCE1 /* Build configuration list for PBXProject "cocoa test" */ = {
			isa = XCConfigurationList;
			buildConfigurations = (
				9E7B3A1B19A2B766007CFCE1 /* Debug */,
				9E7B3A1C19A2B766007CFCE1 /* Release */,
			);
			defaultConfigurationIsVisible = 0;
			defaultConfigurationName = Release;
		};
		9E7B3A1D19A2B766007CFCE1 /* Build configuration list for PBXNativeTarget "cocoa test" */ = {
			isa = XCConfigurationList;
			buildConfigurations = (
				9E7B3A1E19A2B766007CFCE1 /* Debug */,
				9E7B3A1F19A2B766007CFCE1 /* Release */,
			);
			defaultConfigurationIsVisible = 0;
		};
		9E7B3A2019A2B766007CFCE1 /* Build configuration list for PBXNativeTarget "cocoa testTests" */ = {
			isa = XCConfigurationList;
			buildConfigurations = (
				9E7B3A2119A2B766007CFCE1 /* Debug */,
				9E7B3A2219A2B766007CFCE1 /* Release */,
			);
			defaultConfigurationIsVisible = 0;
		};
/* End XCConfigurationList section */
	};
	rootObject = 9E7B39F919A2B766007CFCE1 /* Project object */;
}
